
Microsoft Visual Studio Solution File, Format Version 12.00
# Visual Studio Version 17
VisualStudioVersion = 17.13.35806.99 d17.13
MinimumVisualStudioVersion = 10.0.40219.1
Project("{8BC9CEB8-8B4A-11D0-8D11-00A0C91BC942}") = "oop3 ukol strom", "oop3 ukol strom\oop3 ukol strom.vcxproj", "{37C05FA3-AFA5-450C-A20C-CD361A33FFFD}"
EndProject
Global
	GlobalSection(SolutionConfigurationPlatforms) = preSolution
		Debug|x64 = Debug|x64
		Debug|x86 = Debug|x86
		Release|x64 = Release|x64
		Release|x86 = Release|x86
	EndGlobalSection
	GlobalSection(ProjectConfigurationPlatforms) = postSolution
		{37C05FA3-AFA5-450C-A20C-CD361A33FFFD}.Debug|x64.ActiveCfg = Debug|x64
		{37C05FA3-AFA5-450C-A20C-CD361A33FFFD}.Debug|x64.Build.0 = Debug|x64
		{37C05FA3-AFA5-450C-A20C-CD361A33FFFD}.Debug|x86.ActiveCfg = Debug|Win32
		{37C05FA3-AFA5-450C-A20C-CD361A33FFFD}.Debug|x86.Build.0 = Debug|Win32
		{37C05FA3-AFA5-450C-A20C-CD361A33FFFD}.Release|x64.ActiveCfg = Release|x64
		{37C05FA3-AFA5-450C-A20C-CD361A33FFFD}.Release|x64.Build.0 = Release|x64
		{37C05FA3-AFA5-450C-A20C-CD361A33FFFD}.Release|x86.ActiveCfg = Release|Win32
		{37C05FA3-AFA5-450C-A20C-CD361A33FFFD}.Release|x86.Build.0 = Release|Win32
	EndGlobalSection
	GlobalSection(SolutionProperties) = preSolution
		HideSolutionNode = FALSE
	EndGlobalSection
	GlobalSection(ExtensibilityGlobals) = postSolution
		SolutionGuid = {FBF59A07-4FD0-42AF-A15A-9813DB612EB8}
	EndGlobalSection
EndGlobal
